
Microsoft Visual Studio Solution File, Format Version 12.00
# Visual Studio Version 17
VisualStudioVersion = 17.0.31903.59
MinimumVisualStudioVersion = 10.0.40219.1
Project("{FAE04EC0-301F-11D3-BF4B-00C04F79EFBC}") = "inscricao-upskilling", "inscricao-upskilling\inscricao-upskilling\inscricao-upskilling.csproj", "{A5E1F029-C139-46B9-98BA-29607DFF5E08}"
EndProject
Project("{FAE04EC0-301F-11D3-BF4B-00C04F79EFBC}") = "secretaria-academica", "secretaria-academica\secretaria-academica.csproj", "{4923CA43-CB1B-4B16-9096-D3AA8810674A}"
EndProject
Global
	GlobalSection(SolutionConfigurationPlatforms) = preSolution
		Debug|Any CPU = Debug|Any CPU
		Release|Any CPU = Release|Any CPU
	EndGlobalSection
	GlobalSection(ProjectConfigurationPlatforms) = postSolution
		{A5E1F029-C139-46B9-98BA-29607DFF5E08}.Debug|Any CPU.ActiveCfg = Debug|Any CPU
		{A5E1F029-C139-46B9-98BA-29607DFF5E08}.Debug|Any CPU.Build.0 = Debug|Any CPU
		{A5E1F029-C139-46B9-98BA-29607DFF5E08}.Release|Any CPU.ActiveCfg = Release|Any CPU
		{A5E1F029-C139-46B9-98BA-29607DFF5E08}.Release|Any CPU.Build.0 = Release|Any CPU
		{4923CA43-CB1B-4B16-9096-D3AA8810674A}.Debug|Any CPU.ActiveCfg = Debug|Any CPU
		{4923CA43-CB1B-4B16-9096-D3AA8810674A}.Debug|Any CPU.Build.0 = Debug|Any CPU
		{4923CA43-CB1B-4B16-9096-D3AA8810674A}.Release|Any CPU.ActiveCfg = Release|Any CPU
		{4923CA43-CB1B-4B16-9096-D3AA8810674A}.Release|Any CPU.Build.0 = Release|Any CPU
	EndGlobalSection
	GlobalSection(SolutionProperties) = preSolution
		HideSolutionNode = FALSE
	EndGlobalSection
EndGlobal
